PODS:
  - Alamofire (5.6.4)
  - SwiftyRSA (1.7.0):
    - SwiftyRSA/ObjC (= 1.7.0)
  - SwiftyRSA/ObjC (1.7.0)

DEPENDENCIES:
  - Alamofire
  - SwiftyRSA

SPEC REPOS:
  trunk:
    - Alamofire
    - SwiftyRSA

SPEC CHECKSUMS:
  Alamofire: 4e95d97098eacb88856099c4fc79b526a299e48c
  SwiftyRSA: 8c6dd1ea7db1b8dc4fb517a202f88bb1354bc2c6

PODFILE CHECKSUM: d729071dac44481a8b94c75495311a129ed5d693

COCOAPODS: 1.11.3
